
Microsoft Visual Studio Solution File, Format Version 12.00
# Visual Studio Version 17
VisualStudioVersion = 17.13.35919.96
MinimumVisualStudioVersion = 10.0.40219.1
Project("{FAE04EC0-301F-11D3-BF4B-00C04F79EFBC}") = "BankAccountsApp", "BankAccountsApp\BankAccountsApp.csproj", "{3C1FF48C-CB03-4A8B-A161-972549584188}"
EndProject
Global
	GlobalSection(SolutionConfigurationPlatforms) = preSolution
		Debug|Any CPU = Debug|Any CPU
		Release|Any CPU = Release|Any CPU
	EndGlobalSection
	GlobalSection(ProjectConfigurationPlatforms) = postSolution
		{3C1FF48C-CB03-4A8B-A161-972549584188}.Debug|Any CPU.ActiveCfg = Debug|Any CPU
		{3C1FF48C-CB03-4A8B-A161-972549584188}.Debug|Any CPU.Build.0 = Debug|Any CPU
		{3C1FF48C-CB03-4A8B-A161-972549584188}.Release|Any CPU.ActiveCfg = Release|Any CPU
		{3C1FF48C-CB03-4A8B-A161-972549584188}.Release|Any CPU.Build.0 = Release|Any CPU
	EndGlobalSection
	GlobalSection(SolutionProperties) = preSolution
		HideSolutionNode = FALSE
	EndGlobalSection
	GlobalSection(ExtensibilityGlobals) = postSolution
		SolutionGuid = {06166097-442F-4A9C-95FF-5846CE7709E5}
	EndGlobalSection
EndGlobal
